<Solution>
  <Folder Name="/Config/">
    <File Path=".github/instructions/.instructions.md" />
    <File Path=".gitignore" />
  </Folder>
  <Folder Name="/Documentation/">
    <File Path="ARCHITECTURE.md" />
    <File Path="README.md" />
    <File Path="STYLEGUIDE.md" />
  </Folder>
  <Project Path="FinanceManager.Application/FinanceManager.Application.csproj" />
  <Project Path="FinanceManager.Domain/FinanceManager.Domain.csproj" />
  <Project Path="FinanceManager.Infrastructure/FinanceManager.Infrastructure.csproj" />
  <Project Path="FinanceManager.WebApp/FinanceManager.WebApp.csproj" />
</Solution>
